<?xml version="1.0" encoding="utf-8"?>
<Project ToolsVersion="4.0" xmlns="http://schemas.microsoft.com/developer/msbuild/2003">
  <ItemGroup>
    <Filter Include="Source Files">
      <UniqueIdentifier>{4FC737F1-C7A5-4376-A066-2A32D752A2FF}</UniqueIdentifier>
      <Extensions>cpp;c;cc;cxx;def;odl;idl;hpj;bat;asm;asmx</Extensions>
    </Filter>
    <Filter Include="Header Files">
      <UniqueIdentifier>{93995380-89BD-4b04-88EB-625FBE52EBFB}</UniqueIdentifier>
      <Extensions>h;hh;hpp;hxx;hm;inl;inc;xsd</Extensions>
    </Filter>
    <Filter Include="Resource Files">
      <UniqueIdentifier>{67DA6AB6-F800-4c08-8B7A-83BB121AAD01}</UniqueIdentifier>
      <Extensions>rc;ico;cur;bmp;dlg;rc2;rct;bin;rgs;gif;jpg;jpeg;jpe;resx;tiff;tif;png;wav</Extensions>
    </Filter>
    <Filter Include="moc">
      <UniqueIdentifier>{d29176ee-3e38-44bb-b5d0-d3ebd69c0d39}</UniqueIdentifier>
    </Filter>
  </ItemGroup>
  <ItemGroup>
    <ClCompile Include="src\cloud.cpp">
      <Filter>Source Files</Filter>
    </ClCompile>
    <ClCompile Include="src\cloudEditorWidget.cpp">
      <Filter>Source Files</Filter>
    </ClCompile>
    <ClCompile Include="src\cloudTransformTool.cpp">
      <Filter>Source Files</Filter>
    </ClCompile>
    <ClCompile Include="src\commandQueue.cpp">
      <Filter>Source Files</Filter>
    </ClCompile>
    <ClCompile Include="src\common.cpp">
      <Filter>Source Files</Filter>
    </ClCompile>
    <ClCompile Include="src\copyBuffer.cpp">
      <Filter>Source Files</Filter>
    </ClCompile>
    <ClCompile Include="src\cutCommand.cpp">
      <Filter>Source Files</Filter>
    </ClCompile>
    <ClCompile Include="src\deleteCommand.cpp">
      <Filter>Source Files</Filter>
    </ClCompile>
    <ClCompile Include="src\denoiseCommand.cpp">
      <Filter>Source Files</Filter>
    </ClCompile>
    <ClCompile Include="src\denoiseParameterForm.cpp">
      <Filter>Source Files</Filter>
    </ClCompile>
    <ClCompile Include="src\main.cpp">
      <Filter>Source Files</Filter>
    </ClCompile>
    <ClCompile Include="src\mainWindow.cpp">
      <Filter>Source Files</Filter>
    </ClCompile>
    <ClCompile Include="src\pasteCommand.cpp">
      <Filter>Source Files</Filter>
    </ClCompile>
    <ClCompile Include="src\select1DTool.cpp">
      <Filter>Source Files</Filter>
    </ClCompile>
    <ClCompile Include="src\select2DTool.cpp">
      <Filter>Source Files</Filter>
    </ClCompile>
    <ClCompile Include="src\selection.cpp">
      <Filter>Source Files</Filter>
    </ClCompile>
    <ClCompile Include="src\selectionTransformTool.cpp">
      <Filter>Source Files</Filter>
    </ClCompile>
    <ClCompile Include="src\statistics.cpp">
      <Filter>Source Files</Filter>
    </ClCompile>
    <ClCompile Include="src\statisticsDialog.cpp">
      <Filter>Source Files</Filter>
    </ClCompile>
    <ClCompile Include="src\trackball.cpp">
      <Filter>Source Files</Filter>
    </ClCompile>
    <ClCompile Include="src\transformCommand.cpp">
      <Filter>Source Files</Filter>
    </ClCompile>
    <ClCompile Include="moc\moc_cloudEditorWidget.cxx">
      <Filter>moc</Filter>
    </ClCompile>
    <ClCompile Include="moc\moc_denoiseParameterForm.cxx">
      <Filter>moc</Filter>
    </ClCompile>
    <ClCompile Include="moc\moc_mainWindow.cxx">
      <Filter>moc</Filter>
    </ClCompile>
    <ClCompile Include="moc\moc_statisticsDialog.cxx">
      <Filter>moc</Filter>
    </ClCompile>
    <ClCompile Include="qrc_rpcp_resources.cxx">
      <Filter>moc</Filter>
    </ClCompile>
    <ClCompile Include="src\segmentationCommand.cpp">
      <Filter>Source Files</Filter>
    </ClCompile>
    <ClCompile Include="src\segmentationParameterForm.cpp">
      <Filter>Source Files</Filter>
    </ClCompile>
    <ClCompile Include="moc\moc_segmentationParameterForm.cxx">
      <Filter>moc</Filter>
    </ClCompile>
  </ItemGroup>
  <ItemGroup>
    <ClInclude Include="include\cloud.h">
      <Filter>Header Files</Filter>
    </ClInclude>
    <ClInclude Include="include\cloudTransformTool.h">
      <Filter>Header Files</Filter>
    </ClInclude>
    <ClInclude Include="include\command.h">
      <Filter>Header Files</Filter>
    </ClInclude>
    <ClInclude Include="include\commandQueue.h">
      <Filter>Header Files</Filter>
    </ClInclude>
    <ClInclude Include="include\common.h">
      <Filter>Header Files</Filter>
    </ClInclude>
    <ClInclude Include="include\copyBuffer.h">
      <Filter>Header Files</Filter>
    </ClInclude>
    <ClInclude Include="include\copyCommand.h">
      <Filter>Header Files</Filter>
    </ClInclude>
    <ClInclude Include="include\cutCommand.h">
      <Filter>Header Files</Filter>
    </ClInclude>
    <ClInclude Include="include\deleteCommand.h">
      <Filter>Header Files</Filter>
    </ClInclude>
    <ClInclude Include="include\denoiseCommand.h">
      <Filter>Header Files</Filter>
    </ClInclude>
    <ClInclude Include="include\localTypes.h">
      <Filter>Header Files</Filter>
    </ClInclude>
    <ClInclude Include="include\pasteCommand.h">
      <Filter>Header Files</Filter>
    </ClInclude>
    <ClInclude Include="include\select1DTool.h">
      <Filter>Header Files</Filter>
    </ClInclude>
    <ClInclude Include="include\select2DTool.h">
      <Filter>Header Files</Filter>
    </ClInclude>
    <ClInclude Include="include\selection.h">
      <Filter>Header Files</Filter>
    </ClInclude>
    <ClInclude Include="include\selectionTransformTool.h">
      <Filter>Header Files</Filter>
    </ClInclude>
    <ClInclude Include="include\statistics.h">
      <Filter>Header Files</Filter>
    </ClInclude>
    <ClInclude Include="include\toolInterface.h">
      <Filter>Header Files</Filter>
    </ClInclude>
    <ClInclude Include="include\trackball.h">
      <Filter>Header Files</Filter>
    </ClInclude>
    <ClInclude Include="include\transformCommand.h">
      <Filter>Header Files</Filter>
    </ClInclude>
    <ClInclude Include="include\segmentationCommand.h">
      <Filter>Header Files</Filter>
    </ClInclude>
  </ItemGroup>
  <ItemGroup>
    <CustomBuild Include="RPCP.pc" />
    <CustomBuild Include="include\cloudEditorWidget.h">
      <Filter>Header Files</Filter>
    </CustomBuild>
    <CustomBuild Include="include\denoiseParameterForm.h">
      <Filter>Header Files</Filter>
    </CustomBuild>
    <CustomBuild Include="include\statisticsDialog.h">
      <Filter>Header Files</Filter>
    </CustomBuild>
    <CustomBuild Include="include\mainWindow.h">
      <Filter>Header Files</Filter>
    </CustomBuild>
    <CustomBuild Include="include\segmentationParameterForm.h">
      <Filter>Header Files</Filter>
    </CustomBuild>
  </ItemGroup>
</Project>